
Microsoft Visual Studio Solution File, Format Version 12.00
# Visual Studio Version 16
VisualStudioVersion = 16.0.31321.278
MinimumVisualStudioVersion = 10.0.40219.1
Project("{FAE04EC0-301F-11D3-BF4B-00C04F79EFBC}") = "DirectoryApp", "DirectoryApp\DirectoryApp.csproj", "{0C70660F-81D2-457C-B3EF-081498DEF5D5}"
EndProject
Global
	GlobalSection(SolutionConfigurationPlatforms) = preSolution
		Debug|Any CPU = Debug|Any CPU
		Release|Any CPU = Release|Any CPU
	EndGlobalSection
	GlobalSection(ProjectConfigurationPlatforms) = postSolution
		{0C70660F-81D2-457C-B3EF-081498DEF5D5}.Debug|Any CPU.ActiveCfg = Debug|Any CPU
		{0C70660F-81D2-457C-B3EF-081498DEF5D5}.Debug|Any CPU.Build.0 = Debug|Any CPU
		{0C70660F-81D2-457C-B3EF-081498DEF5D5}.Release|Any CPU.ActiveCfg = Release|Any CPU
		{0C70660F-81D2-457C-B3EF-081498DEF5D5}.Release|Any CPU.Build.0 = Release|Any CPU
	EndGlobalSection
	GlobalSection(SolutionProperties) = preSolution
		HideSolutionNode = FALSE
	EndGlobalSection
	GlobalSection(ExtensibilityGlobals) = postSolution
		SolutionGuid = {CC7161AB-2A94-4276-B373-B2D6E4497B73}
	EndGlobalSection
EndGlobal
